
Microsoft Visual Studio Solution File, Format Version 12.00
# Visual Studio Version 16
VisualStudioVersion = 16.0.30717.126
MinimumVisualStudioVersion = 10.0.40219.1
Project("{FAE04EC0-301F-11D3-BF4B-00C04F79EFBC}") = "Day 10", "Day 10.csproj", "{3FAB7FB0-0CDA-4AC7-85C1-36115DF9095B}"
EndProject
Global
	GlobalSection(SolutionConfigurationPlatforms) = preSolution
		Debug|Any CPU = Debug|Any CPU
		Release|Any CPU = Release|Any CPU
	EndGlobalSection
	GlobalSection(ProjectConfigurationPlatforms) = postSolution
		{3FAB7FB0-0CDA-4AC7-85C1-36115DF9095B}.Debug|Any CPU.ActiveCfg = Debug|Any CPU
		{3FAB7FB0-0CDA-4AC7-85C1-36115DF9095B}.Debug|Any CPU.Build.0 = Debug|Any CPU
		{3FAB7FB0-0CDA-4AC7-85C1-36115DF9095B}.Release|Any CPU.ActiveCfg = Release|Any CPU
		{3FAB7FB0-0CDA-4AC7-85C1-36115DF9095B}.Release|Any CPU.Build.0 = Release|Any CPU
	EndGlobalSection
	GlobalSection(SolutionProperties) = preSolution
		HideSolutionNode = FALSE
	EndGlobalSection
	GlobalSection(ExtensibilityGlobals) = postSolution
		SolutionGuid = {EAF826E3-DCD5-4E49-AB0C-1E3C3642E3F8}
	EndGlobalSection
EndGlobal
