
Microsoft Visual Studio Solution File, Format Version 12.00
# Visual Studio Version 16
VisualStudioVersion = 16.0.30717.126
MinimumVisualStudioVersion = 10.0.40219.1
Project("{FAE04EC0-301F-11D3-BF4B-00C04F79EFBC}") = "Day 11", "Day 11.csproj", "{DFC4B32A-A66F-40C3-B272-F5230AC6FF6F}"
EndProject
Global
	GlobalSection(SolutionConfigurationPlatforms) = preSolution
		Debug|Any CPU = Debug|Any CPU
		Release|Any CPU = Release|Any CPU
	EndGlobalSection
	GlobalSection(ProjectConfigurationPlatforms) = postSolution
		{DFC4B32A-A66F-40C3-B272-F5230AC6FF6F}.Debug|Any CPU.ActiveCfg = Debug|Any CPU
		{DFC4B32A-A66F-40C3-B272-F5230AC6FF6F}.Debug|Any CPU.Build.0 = Debug|Any CPU
		{DFC4B32A-A66F-40C3-B272-F5230AC6FF6F}.Release|Any CPU.ActiveCfg = Release|Any CPU
		{DFC4B32A-A66F-40C3-B272-F5230AC6FF6F}.Release|Any CPU.Build.0 = Release|Any CPU
	EndGlobalSection
	GlobalSection(SolutionProperties) = preSolution
		HideSolutionNode = FALSE
	EndGlobalSection
	GlobalSection(ExtensibilityGlobals) = postSolution
		SolutionGuid = {5CDB367B-80BC-4359-914B-887FF09D131B}
	EndGlobalSection
EndGlobal
