
Microsoft Visual Studio Solution File, Format Version 12.00
# Visual Studio Version 16
VisualStudioVersion = 16.0.30717.126
MinimumVisualStudioVersion = 10.0.40219.1
Project("{FAE04EC0-301F-11D3-BF4B-00C04F79EFBC}") = "Day 13", "Day 13.csproj", "{FBEB5809-9F3A-42F0-A818-9D5D080787BD}"
EndProject
Global
	GlobalSection(SolutionConfigurationPlatforms) = preSolution
		Debug|Any CPU = Debug|Any CPU
		Release|Any CPU = Release|Any CPU
	EndGlobalSection
	GlobalSection(ProjectConfigurationPlatforms) = postSolution
		{FBEB5809-9F3A-42F0-A818-9D5D080787BD}.Debug|Any CPU.ActiveCfg = Debug|Any CPU
		{FBEB5809-9F3A-42F0-A818-9D5D080787BD}.Debug|Any CPU.Build.0 = Debug|Any CPU
		{FBEB5809-9F3A-42F0-A818-9D5D080787BD}.Release|Any CPU.ActiveCfg = Release|Any CPU
		{FBEB5809-9F3A-42F0-A818-9D5D080787BD}.Release|Any CPU.Build.0 = Release|Any CPU
	EndGlobalSection
	GlobalSection(SolutionProperties) = preSolution
		HideSolutionNode = FALSE
	EndGlobalSection
	GlobalSection(ExtensibilityGlobals) = postSolution
		SolutionGuid = {FA559EBA-15A5-4197-AF23-C7843561E29C}
	EndGlobalSection
EndGlobal
